
Microsoft Visual Studio Solution File, Format Version 12.00
# Visual Studio Version 17
VisualStudioVersion = 17.8.34330.188
MinimumVisualStudioVersion = 10.0.40219.1
Project("{FAE04EC0-301F-11D3-BF4B-00C04F79EFBC}") = "Combobox_Listbox", "Combobox_Listbox\Combobox_Listbox.csproj", "{A836824F-AF66-4305-9EE6-7086B9598682}"
EndProject
Global
	GlobalSection(SolutionConfigurationPlatforms) = preSolution
		Debug|Any CPU = Debug|Any CPU
		Release|Any CPU = Release|Any CPU
	EndGlobalSection
	GlobalSection(ProjectConfigurationPlatforms) = postSolution
		{A836824F-AF66-4305-9EE6-7086B9598682}.Debug|Any CPU.ActiveCfg = Debug|Any CPU
		{A836824F-AF66-4305-9EE6-7086B9598682}.Debug|Any CPU.Build.0 = Debug|Any CPU
		{A836824F-AF66-4305-9EE6-7086B9598682}.Release|Any CPU.ActiveCfg = Release|Any CPU
		{A836824F-AF66-4305-9EE6-7086B9598682}.Release|Any CPU.Build.0 = Release|Any CPU
	EndGlobalSection
	GlobalSection(SolutionProperties) = preSolution
		HideSolutionNode = FALSE
	EndGlobalSection
	GlobalSection(ExtensibilityGlobals) = postSolution
		SolutionGuid = {A56DF9AE-D3BC-411D-BF2C-42770E1B99A1}
	EndGlobalSection
EndGlobal
